
Microsoft Visual Studio Solution File, Format Version 12.00
# Visual Studio 14
VisualStudioVersion = 14.0.25123.0
MinimumVisualStudioVersion = 10.0.40219.1
Project("{FAE04EC0-301F-11D3-BF4B-00C04F79EFBC}") = "Client", "Client\Client.csproj", "{0CDDA3B8-6093-4727-9F1A-1BB5EDD7B115}"
EndProject
Project("{FAE04EC0-301F-11D3-BF4B-00C04F79EFBC}") = "Server", "Server\Server.csproj", "{96849902-B771-42A1-AACC-7D260C2FD53E}"
EndProject
Project("{FAE04EC0-301F-11D3-BF4B-00C04F79EFBC}") = "ClientServer.Common", "ClientServer.Common\ClientServer.Common.csproj", "{6431828E-2F44-4D77-B194-43713EC48239}"
EndProject
Global
	GlobalSection(SolutionConfigurationPlatforms) = preSolution
		Debug|Any CPU = Debug|Any CPU
		Release|Any CPU = Release|Any CPU
	EndGlobalSection
	GlobalSection(ProjectConfigurationPlatforms) = postSolution
		{0CDDA3B8-6093-4727-9F1A-1BB5EDD7B115}.Debug|Any CPU.ActiveCfg = Debug|Any CPU
		{0CDDA3B8-6093-4727-9F1A-1BB5EDD7B115}.Debug|Any CPU.Build.0 = Debug|Any CPU
		{0CDDA3B8-6093-4727-9F1A-1BB5EDD7B115}.Release|Any CPU.ActiveCfg = Release|Any CPU
		{0CDDA3B8-6093-4727-9F1A-1BB5EDD7B115}.Release|Any CPU.Build.0 = Release|Any CPU
		{96849902-B771-42A1-AACC-7D260C2FD53E}.Debug|Any CPU.ActiveCfg = Debug|Any CPU
		{96849902-B771-42A1-AACC-7D260C2FD53E}.Debug|Any CPU.Build.0 = Debug|Any CPU
		{96849902-B771-42A1-AACC-7D260C2FD53E}.Release|Any CPU.ActiveCfg = Release|Any CPU
		{96849902-B771-42A1-AACC-7D260C2FD53E}.Release|Any CPU.Build.0 = Release|Any CPU
		{6431828E-2F44-4D77-B194-43713EC48239}.Debug|Any CPU.ActiveCfg = Debug|Any CPU
		{6431828E-2F44-4D77-B194-43713EC48239}.Debug|Any CPU.Build.0 = Debug|Any CPU
		{6431828E-2F44-4D77-B194-43713EC48239}.Release|Any CPU.ActiveCfg = Release|Any CPU
		{6431828E-2F44-4D77-B194-43713EC48239}.Release|Any CPU.Build.0 = Release|Any CPU
	EndGlobalSection
	GlobalSection(SolutionProperties) = preSolution
		HideSolutionNode = FALSE
	EndGlobalSection
EndGlobal
